
Microsoft Visual Studio Solution File, Format Version 12.00
# Visual Studio Version 17
VisualStudioVersion = 17.14.36603.0
MinimumVisualStudioVersion = 10.0.40219.1
Project("{8BC9CEB8-8B4A-11D0-8D11-00A0C91BC942}") = "01_WindowsCreateThreadDemo", "01_WindowsCreateThreadDemo\01_WindowsCreateThreadDemo.vcxproj", "{E24455F3-D470-46B4-8CD8-5A722AA6D339}"
EndProject
Project("{8BC9CEB8-8B4A-11D0-8D11-00A0C91BC942}") = "02_WinCRT_beginthreadDemo", "02_WinCRT_beginthreadDemo\02_WinCRT_beginthreadDemo.vcxproj", "{75750EB2-A608-41F5-A52E-AD35C7868E9D}"
EndProject
Project("{8BC9CEB8-8B4A-11D0-8D11-00A0C91BC942}") = "03_CppThreadCreateDemo", "03_CppThreadCreateDemo\03_CppThreadCreateDemo.vcxproj", "{A2046ECC-CCA6-4FA1-9C63-F5A09546AE45}"
EndProject
Project("{8BC9CEB8-8B4A-11D0-8D11-00A0C91BC942}") = "04_CppThreadPid", "04_CppThreadPid\04_CppThreadPid.vcxproj", "{8A33FCA3-523D-4524-B39F-4D9F5F3AB50D}"
EndProject
Project("{8BC9CEB8-8B4A-11D0-8D11-00A0C91BC942}") = "05_WindowsPthreadWait", "05_WindowsPthreadWait\05_WindowsPthreadWait.vcxproj", "{D26DD136-574B-4456-8044-730AA7A8D84D}"
EndProject
Project("{8BC9CEB8-8B4A-11D0-8D11-00A0C91BC942}") = "06_Cpp11ThreadWait", "06_Cpp11ThreadWait\06_Cpp11ThreadWait.vcxproj", "{0682AC74-0019-4388-AD93-57A033CFD39E}"
EndProject
Project("{8BC9CEB8-8B4A-11D0-8D11-00A0C91BC942}") = "07_CppThread_InstancePointer", "07_CppThread_InstancePointer\07_CppThread_InstancePointer.vcxproj", "{AC70EC3F-0691-486D-9822-83078072958F}"
EndProject
Project("{8BC9CEB8-8B4A-11D0-8D11-00A0C91BC942}") = "08_CppThreadStaticToInstanceDemo", "08_CppThreadStaticToInstanceDemo\08_CppThreadStaticToInstanceDemo.vcxproj", "{FD0C6BCC-BCAE-47AB-BEF6-BEDC31267D95}"
EndProject
Project("{8BC9CEB8-8B4A-11D0-8D11-00A0C91BC942}") = "09_WindowsAtomicOpsDemo​", "09_WindowsAtomicOpsDemo​\09_WindowsAtomicOpsDemo​.vcxproj", "{07FD6D05-AC8A-4820-A703-6B51512569C3}"
EndProject
Project("{8BC9CEB8-8B4A-11D0-8D11-00A0C91BC942}") = "10_Cpp11AtomicDemo", "10_Cpp11AtomicDemo\10_Cpp11AtomicDemo.vcxproj", "{9EF44C4C-C454-4809-BD34-CB8B7869DB0B}"
EndProject
Project("{8BC9CEB8-8B4A-11D0-8D11-00A0C91BC942}") = "11_WindowsCriticalSectionDemo", "11_WindowsCriticalSectionDemo\11_WindowsCriticalSectionDemo.vcxproj", "{99B65FC5-1725-43EC-8DC4-FC6063C9BB90}"
EndProject
Project("{8BC9CEB8-8B4A-11D0-8D11-00A0C91BC942}") = "12_WindowsEventDemo", "12_WindowsEventDemo\12_WindowsEventDemo.vcxproj", "{E37B4AC4-8285-4AE9-89BF-831735D4ED49}"
EndProject
Project("{8BC9CEB8-8B4A-11D0-8D11-00A0C91BC942}") = "13_WindowsMutexDemo", "13_WindowsMutexDemo\13_WindowsMutexDemo.vcxproj", "{E4BDEB19-585F-4D41-BABF-D090C2AC9779}"
EndProject
Project("{8BC9CEB8-8B4A-11D0-8D11-00A0C91BC942}") = "14_WindowsSemaphoreDemo", "14_WindowsSemaphoreDemo\14_WindowsSemaphoreDemo.vcxproj", "{512C06EB-FB0E-4E79-895C-C7E45950F4B8}"
EndProject
Project("{8BC9CEB8-8B4A-11D0-8D11-00A0C91BC942}") = "15_WindowsSRWLock", "15_WindowsSRWLock\15_WindowsSRWLock.vcxproj", "{4CF2FDDE-85A5-4915-BFE5-D3A70F76C556}"
EndProject
Project("{8BC9CEB8-8B4A-11D0-8D11-00A0C91BC942}") = "16_WindowsConditionVariable", "16_WindowsConditionVariable\16_WindowsConditionVariable.vcxproj", "{B27BA389-FDA7-4D46-A863-166CD83D42DD}"
EndProject
Project("{8BC9CEB8-8B4A-11D0-8D11-00A0C91BC942}") = "17_CppStdMutex", "17_CppStdMutex\17_CppStdMutex.vcxproj", "{BFADBB26-99B6-42FB-AC1E-B2BAE84481B4}"
EndProject
Project("{8BC9CEB8-8B4A-11D0-8D11-00A0C91BC942}") = "18_CppStdUniqueLock", "18_CppStdUniqueLock\18_CppStdUniqueLock.vcxproj", "{310EBF20-CED5-4E2E-8D37-12777BDBAAE6}"
EndProject
Project("{8BC9CEB8-8B4A-11D0-8D11-00A0C91BC942}") = "19_CppStdSharedLock", "19_CppStdSharedLock\19_CppStdSharedLock.vcxproj", "{F6255E8F-8FF4-4695-90A8-8DF2189CAF49}"
EndProject
Global
	GlobalSection(SolutionConfigurationPlatforms) = preSolution
		Debug|x64 = Debug|x64
		Debug|x86 = Debug|x86
		Release|x64 = Release|x64
		Release|x86 = Release|x86
	EndGlobalSection
	GlobalSection(ProjectConfigurationPlatforms) = postSolution
		{E24455F3-D470-46B4-8CD8-5A722AA6D339}.Debug|x64.ActiveCfg = Debug|x64
		{E24455F3-D470-46B4-8CD8-5A722AA6D339}.Debug|x64.Build.0 = Debug|x64
		{E24455F3-D470-46B4-8CD8-5A722AA6D339}.Debug|x86.ActiveCfg = Debug|Win32
		{E24455F3-D470-46B4-8CD8-5A722AA6D339}.Debug|x86.Build.0 = Debug|Win32
		{E24455F3-D470-46B4-8CD8-5A722AA6D339}.Release|x64.ActiveCfg = Release|x64
		{E24455F3-D470-46B4-8CD8-5A722AA6D339}.Release|x64.Build.0 = Release|x64
		{E24455F3-D470-46B4-8CD8-5A722AA6D339}.Release|x86.ActiveCfg = Release|Win32
		{E24455F3-D470-46B4-8CD8-5A722AA6D339}.Release|x86.Build.0 = Release|Win32
		{75750EB2-A608-41F5-A52E-AD35C7868E9D}.Debug|x64.ActiveCfg = Debug|x64
		{75750EB2-A608-41F5-A52E-AD35C7868E9D}.Debug|x64.Build.0 = Debug|x64
		{75750EB2-A608-41F5-A52E-AD35C7868E9D}.Debug|x86.ActiveCfg = Debug|Win32
		{75750EB2-A608-41F5-A52E-AD35C7868E9D}.Debug|x86.Build.0 = Debug|Win32
		{75750EB2-A608-41F5-A52E-AD35C7868E9D}.Release|x64.ActiveCfg = Release|x64
		{75750EB2-A608-41F5-A52E-AD35C7868E9D}.Release|x64.Build.0 = Release|x64
		{75750EB2-A608-41F5-A52E-AD35C7868E9D}.Release|x86.ActiveCfg = Release|Win32
		{75750EB2-A608-41F5-A52E-AD35C7868E9D}.Release|x86.Build.0 = Release|Win32
		{A2046ECC-CCA6-4FA1-9C63-F5A09546AE45}.Debug|x64.ActiveCfg = Debug|x64
		{A2046ECC-CCA6-4FA1-9C63-F5A09546AE45}.Debug|x64.Build.0 = Debug|x64
		{A2046ECC-CCA6-4FA1-9C63-F5A09546AE45}.Debug|x86.ActiveCfg = Debug|Win32
		{A2046ECC-CCA6-4FA1-9C63-F5A09546AE45}.Debug|x86.Build.0 = Debug|Win32
		{A2046ECC-CCA6-4FA1-9C63-F5A09546AE45}.Release|x64.ActiveCfg = Release|x64
		{A2046ECC-CCA6-4FA1-9C63-F5A09546AE45}.Release|x64.Build.0 = Release|x64
		{A2046ECC-CCA6-4FA1-9C63-F5A09546AE45}.Release|x86.ActiveCfg = Release|Win32
		{A2046ECC-CCA6-4FA1-9C63-F5A09546AE45}.Release|x86.Build.0 = Release|Win32
		{8A33FCA3-523D-4524-B39F-4D9F5F3AB50D}.Debug|x64.ActiveCfg = Debug|x64
		{8A33FCA3-523D-4524-B39F-4D9F5F3AB50D}.Debug|x64.Build.0 = Debug|x64
		{8A33FCA3-523D-4524-B39F-4D9F5F3AB50D}.Debug|x86.ActiveCfg = Debug|Win32
		{8A33FCA3-523D-4524-B39F-4D9F5F3AB50D}.Debug|x86.Build.0 = Debug|Win32
		{8A33FCA3-523D-4524-B39F-4D9F5F3AB50D}.Release|x64.ActiveCfg = Release|x64
		{8A33FCA3-523D-4524-B39F-4D9F5F3AB50D}.Release|x64.Build.0 = Release|x64
		{8A33FCA3-523D-4524-B39F-4D9F5F3AB50D}.Release|x86.ActiveCfg = Release|Win32
		{8A33FCA3-523D-4524-B39F-4D9F5F3AB50D}.Release|x86.Build.0 = Release|Win32
		{D26DD136-574B-4456-8044-730AA7A8D84D}.Debug|x64.ActiveCfg = Debug|x64
		{D26DD136-574B-4456-8044-730AA7A8D84D}.Debug|x64.Build.0 = Debug|x64
		{D26DD136-574B-4456-8044-730AA7A8D84D}.Debug|x86.ActiveCfg = Debug|Win32
		{D26DD136-574B-4456-8044-730AA7A8D84D}.Debug|x86.Build.0 = Debug|Win32
		{D26DD136-574B-4456-8044-730AA7A8D84D}.Release|x64.ActiveCfg = Release|x64
		{D26DD136-574B-4456-8044-730AA7A8D84D}.Release|x64.Build.0 = Release|x64
		{D26DD136-574B-4456-8044-730AA7A8D84D}.Release|x86.ActiveCfg = Release|Win32
		{D26DD136-574B-4456-8044-730AA7A8D84D}.Release|x86.Build.0 = Release|Win32
		{0682AC74-0019-4388-AD93-57A033CFD39E}.Debug|x64.ActiveCfg = Debug|x64
		{0682AC74-0019-4388-AD93-57A033CFD39E}.Debug|x64.Build.0 = Debug|x64
		{0682AC74-0019-4388-AD93-57A033CFD39E}.Debug|x86.ActiveCfg = Debug|Win32
		{0682AC74-0019-4388-AD93-57A033CFD39E}.Debug|x86.Build.0 = Debug|Win32
		{0682AC74-0019-4388-AD93-57A033CFD39E}.Release|x64.ActiveCfg = Release|x64
		{0682AC74-0019-4388-AD93-57A033CFD39E}.Release|x64.Build.0 = Release|x64
		{0682AC74-0019-4388-AD93-57A033CFD39E}.Release|x86.ActiveCfg = Release|Win32
		{0682AC74-0019-4388-AD93-57A033CFD39E}.Release|x86.Build.0 = Release|Win32
		{AC70EC3F-0691-486D-9822-83078072958F}.Debug|x64.ActiveCfg = Debug|x64
		{AC70EC3F-0691-486D-9822-83078072958F}.Debug|x64.Build.0 = Debug|x64
		{AC70EC3F-0691-486D-9822-83078072958F}.Debug|x86.ActiveCfg = Debug|Win32
		{AC70EC3F-0691-486D-9822-83078072958F}.Debug|x86.Build.0 = Debug|Win32
		{AC70EC3F-0691-486D-9822-83078072958F}.Release|x64.ActiveCfg = Release|x64
		{AC70EC3F-0691-486D-9822-83078072958F}.Release|x64.Build.0 = Release|x64
		{AC70EC3F-0691-486D-9822-83078072958F}.Release|x86.ActiveCfg = Release|Win32
		{AC70EC3F-0691-486D-9822-83078072958F}.Release|x86.Build.0 = Release|Win32
		{FD0C6BCC-BCAE-47AB-BEF6-BEDC31267D95}.Debug|x64.ActiveCfg = Debug|x64
		{FD0C6BCC-BCAE-47AB-BEF6-BEDC31267D95}.Debug|x64.Build.0 = Debug|x64
		{FD0C6BCC-BCAE-47AB-BEF6-BEDC31267D95}.Debug|x86.ActiveCfg = Debug|Win32
		{FD0C6BCC-BCAE-47AB-BEF6-BEDC31267D95}.Debug|x86.Build.0 = Debug|Win32
		{FD0C6BCC-BCAE-47AB-BEF6-BEDC31267D95}.Release|x64.ActiveCfg = Release|x64
		{FD0C6BCC-BCAE-47AB-BEF6-BEDC31267D95}.Release|x64.Build.0 = Release|x64
		{FD0C6BCC-BCAE-47AB-BEF6-BEDC31267D95}.Release|x86.ActiveCfg = Release|Win32
		{FD0C6BCC-BCAE-47AB-BEF6-BEDC31267D95}.Release|x86.Build.0 = Release|Win32
		{07FD6D05-AC8A-4820-A703-6B51512569C3}.Debug|x64.ActiveCfg = Debug|x64
		{07FD6D05-AC8A-4820-A703-6B51512569C3}.Debug|x64.Build.0 = Debug|x64
		{07FD6D05-AC8A-4820-A703-6B51512569C3}.Debug|x86.ActiveCfg = Debug|Win32
		{07FD6D05-AC8A-4820-A703-6B51512569C3}.Debug|x86.Build.0 = Debug|Win32
		{07FD6D05-AC8A-4820-A703-6B51512569C3}.Release|x64.ActiveCfg = Release|x64
		{07FD6D05-AC8A-4820-A703-6B51512569C3}.Release|x64.Build.0 = Release|x64
		{07FD6D05-AC8A-4820-A703-6B51512569C3}.Release|x86.ActiveCfg = Release|Win32
		{07FD6D05-AC8A-4820-A703-6B51512569C3}.Release|x86.Build.0 = Release|Win32
		{9EF44C4C-C454-4809-BD34-CB8B7869DB0B}.Debug|x64.ActiveCfg = Debug|x64
		{9EF44C4C-C454-4809-BD34-CB8B7869DB0B}.Debug|x64.Build.0 = Debug|x64
		{9EF44C4C-C454-4809-BD34-CB8B7869DB0B}.Debug|x86.ActiveCfg = Debug|Win32
		{9EF44C4C-C454-4809-BD34-CB8B7869DB0B}.Debug|x86.Build.0 = Debug|Win32
		{9EF44C4C-C454-4809-BD34-CB8B7869DB0B}.Release|x64.ActiveCfg = Release|x64
		{9EF44C4C-C454-4809-BD34-CB8B7869DB0B}.Release|x64.Build.0 = Release|x64
		{9EF44C4C-C454-4809-BD34-CB8B7869DB0B}.Release|x86.ActiveCfg = Release|Win32
		{9EF44C4C-C454-4809-BD34-CB8B7869DB0B}.Release|x86.Build.0 = Release|Win32
		{99B65FC5-1725-43EC-8DC4-FC6063C9BB90}.Debug|x64.ActiveCfg = Debug|x64
		{99B65FC5-1725-43EC-8DC4-FC6063C9BB90}.Debug|x64.Build.0 = Debug|x64
		{99B65FC5-1725-43EC-8DC4-FC6063C9BB90}.Debug|x86.ActiveCfg = Debug|Win32
		{99B65FC5-1725-43EC-8DC4-FC6063C9BB90}.Debug|x86.Build.0 = Debug|Win32
		{99B65FC5-1725-43EC-8DC4-FC6063C9BB90}.Release|x64.ActiveCfg = Release|x64
		{99B65FC5-1725-43EC-8DC4-FC6063C9BB90}.Release|x64.Build.0 = Release|x64
		{99B65FC5-1725-43EC-8DC4-FC6063C9BB90}.Release|x86.ActiveCfg = Release|Win32
		{99B65FC5-1725-43EC-8DC4-FC6063C9BB90}.Release|x86.Build.0 = Release|Win32
		{E37B4AC4-8285-4AE9-89BF-831735D4ED49}.Debug|x64.ActiveCfg = Debug|x64
		{E37B4AC4-8285-4AE9-89BF-831735D4ED49}.Debug|x64.Build.0 = Debug|x64
		{E37B4AC4-8285-4AE9-89BF-831735D4ED49}.Debug|x86.ActiveCfg = Debug|Win32
		{E37B4AC4-8285-4AE9-89BF-831735D4ED49}.Debug|x86.Build.0 = Debug|Win32
		{E37B4AC4-8285-4AE9-89BF-831735D4ED49}.Release|x64.ActiveCfg = Release|x64
		{E37B4AC4-8285-4AE9-89BF-831735D4ED49}.Release|x64.Build.0 = Release|x64
		{E37B4AC4-8285-4AE9-89BF-831735D4ED49}.Release|x86.ActiveCfg = Release|Win32
		{E37B4AC4-8285-4AE9-89BF-831735D4ED49}.Release|x86.Build.0 = Release|Win32
		{E4BDEB19-585F-4D41-BABF-D090C2AC9779}.Debug|x64.ActiveCfg = Debug|x64
		{E4BDEB19-585F-4D41-BABF-D090C2AC9779}.Debug|x64.Build.0 = Debug|x64
		{E4BDEB19-585F-4D41-BABF-D090C2AC9779}.Debug|x86.ActiveCfg = Debug|Win32
		{E4BDEB19-585F-4D41-BABF-D090C2AC9779}.Debug|x86.Build.0 = Debug|Win32
		{E4BDEB19-585F-4D41-BABF-D090C2AC9779}.Release|x64.ActiveCfg = Release|x64
		{E4BDEB19-585F-4D41-BABF-D090C2AC9779}.Release|x64.Build.0 = Release|x64
		{E4BDEB19-585F-4D41-BABF-D090C2AC9779}.Release|x86.ActiveCfg = Release|Win32
		{E4BDEB19-585F-4D41-BABF-D090C2AC9779}.Release|x86.Build.0 = Release|Win32
		{512C06EB-FB0E-4E79-895C-C7E45950F4B8}.Debug|x64.ActiveCfg = Debug|x64
		{512C06EB-FB0E-4E79-895C-C7E45950F4B8}.Debug|x64.Build.0 = Debug|x64
		{512C06EB-FB0E-4E79-895C-C7E45950F4B8}.Debug|x86.ActiveCfg = Debug|Win32
		{512C06EB-FB0E-4E79-895C-C7E45950F4B8}.Debug|x86.Build.0 = Debug|Win32
		{512C06EB-FB0E-4E79-895C-C7E45950F4B8}.Release|x64.ActiveCfg = Release|x64
		{512C06EB-FB0E-4E79-895C-C7E45950F4B8}.Release|x64.Build.0 = Release|x64
		{512C06EB-FB0E-4E79-895C-C7E45950F4B8}.Release|x86.ActiveCfg = Release|Win32
		{512C06EB-FB0E-4E79-895C-C7E45950F4B8}.Release|x86.Build.0 = Release|Win32
		{4CF2FDDE-85A5-4915-BFE5-D3A70F76C556}.Debug|x64.ActiveCfg = Debug|x64
		{4CF2FDDE-85A5-4915-BFE5-D3A70F76C556}.Debug|x64.Build.0 = Debug|x64
		{4CF2FDDE-85A5-4915-BFE5-D3A70F76C556}.Debug|x86.ActiveCfg = Debug|Win32
		{4CF2FDDE-85A5-4915-BFE5-D3A70F76C556}.Debug|x86.Build.0 = Debug|Win32
		{4CF2FDDE-85A5-4915-BFE5-D3A70F76C556}.Release|x64.ActiveCfg = Release|x64
		{4CF2FDDE-85A5-4915-BFE5-D3A70F76C556}.Release|x64.Build.0 = Release|x64
		{4CF2FDDE-85A5-4915-BFE5-D3A70F76C556}.Release|x86.ActiveCfg = Release|Win32
		{4CF2FDDE-85A5-4915-BFE5-D3A70F76C556}.Release|x86.Build.0 = Release|Win32
		{B27BA389-FDA7-4D46-A863-166CD83D42DD}.Debug|x64.ActiveCfg = Debug|x64
		{B27BA389-FDA7-4D46-A863-166CD83D42DD}.Debug|x64.Build.0 = Debug|x64
		{B27BA389-FDA7-4D46-A863-166CD83D42DD}.Debug|x86.ActiveCfg = Debug|Win32
		{B27BA389-FDA7-4D46-A863-166CD83D42DD}.Debug|x86.Build.0 = Debug|Win32
		{B27BA389-FDA7-4D46-A863-166CD83D42DD}.Release|x64.ActiveCfg = Release|x64
		{B27BA389-FDA7-4D46-A863-166CD83D42DD}.Release|x64.Build.0 = Release|x64
		{B27BA389-FDA7-4D46-A863-166CD83D42DD}.Release|x86.ActiveCfg = Release|Win32
		{B27BA389-FDA7-4D46-A863-166CD83D42DD}.Release|x86.Build.0 = Release|Win32
		{BFADBB26-99B6-42FB-AC1E-B2BAE84481B4}.Debug|x64.ActiveCfg = Debug|x64
		{BFADBB26-99B6-42FB-AC1E-B2BAE84481B4}.Debug|x64.Build.0 = Debug|x64
		{BFADBB26-99B6-42FB-AC1E-B2BAE84481B4}.Debug|x86.ActiveCfg = Debug|Win32
		{BFADBB26-99B6-42FB-AC1E-B2BAE84481B4}.Debug|x86.Build.0 = Debug|Win32
		{BFADBB26-99B6-42FB-AC1E-B2BAE84481B4}.Release|x64.ActiveCfg = Release|x64
		{BFADBB26-99B6-42FB-AC1E-B2BAE84481B4}.Release|x64.Build.0 = Release|x64
		{BFADBB26-99B6-42FB-AC1E-B2BAE84481B4}.Release|x86.ActiveCfg = Release|Win32
		{BFADBB26-99B6-42FB-AC1E-B2BAE84481B4}.Release|x86.Build.0 = Release|Win32
		{310EBF20-CED5-4E2E-8D37-12777BDBAAE6}.Debug|x64.ActiveCfg = Debug|x64
		{310EBF20-CED5-4E2E-8D37-12777BDBAAE6}.Debug|x64.Build.0 = Debug|x64
		{310EBF20-CED5-4E2E-8D37-12777BDBAAE6}.Debug|x86.ActiveCfg = Debug|Win32
		{310EBF20-CED5-4E2E-8D37-12777BDBAAE6}.Debug|x86.Build.0 = Debug|Win32
		{310EBF20-CED5-4E2E-8D37-12777BDBAAE6}.Release|x64.ActiveCfg = Release|x64
		{310EBF20-CED5-4E2E-8D37-12777BDBAAE6}.Release|x64.Build.0 = Release|x64
		{310EBF20-CED5-4E2E-8D37-12777BDBAAE6}.Release|x86.ActiveCfg = Release|Win32
		{310EBF20-CED5-4E2E-8D37-12777BDBAAE6}.Release|x86.Build.0 = Release|Win32
		{F6255E8F-8FF4-4695-90A8-8DF2189CAF49}.Debug|x64.ActiveCfg = Debug|x64
		{F6255E8F-8FF4-4695-90A8-8DF2189CAF49}.Debug|x64.Build.0 = Debug|x64
		{F6255E8F-8FF4-4695-90A8-8DF2189CAF49}.Debug|x86.ActiveCfg = Debug|Win32
		{F6255E8F-8FF4-4695-90A8-8DF2189CAF49}.Debug|x86.Build.0 = Debug|Win32
		{F6255E8F-8FF4-4695-90A8-8DF2189CAF49}.Release|x64.ActiveCfg = Release|x64
		{F6255E8F-8FF4-4695-90A8-8DF2189CAF49}.Release|x64.Build.0 = Release|x64
		{F6255E8F-8FF4-4695-90A8-8DF2189CAF49}.Release|x86.ActiveCfg = Release|Win32
		{F6255E8F-8FF4-4695-90A8-8DF2189CAF49}.Release|x86.Build.0 = Release|Win32
	EndGlobalSection
	GlobalSection(SolutionProperties) = preSolution
		HideSolutionNode = FALSE
	EndGlobalSection
	GlobalSection(ExtensibilityGlobals) = postSolution
		SolutionGuid = {40654349-F2F6-4AE5-8A6D-1228DE12A925}
	EndGlobalSection
EndGlobal
